
Microsoft Visual Studio Solution File, Format Version 12.00
# Visual Studio Version 17
VisualStudioVersion = 17.14.36429.23 d17.14
MinimumVisualStudioVersion = 10.0.40219.1
Project("{2150E333-8FDC-42A3-9474-1A3956D46DE8}") = "Task0", "Task0", "{02EA681E-C7D8-13C7-8484-4AC65E1B71E8}"
EndProject
Project("{FAE04EC0-301F-11D3-BF4B-00C04F79EFBC}") = "Tyuiu.GurinchukAV.Sprint3.Task0.V15", "Tyuiu.GurinchukAV.Sprint3.Task0.V15\Tyuiu.GurinchukAV.Sprint3.Task0.V15.csproj", "{8460DDA0-A35C-4D8E-8A70-F628B7851021}"
EndProject
Project("{FAE04EC0-301F-11D3-BF4B-00C04F79EFBC}") = "Tyuiu.GurinchukAV.Sprint3.Task0.V15.Lib", "Tyuiu.GurinchukAV.Sprint3.Task0.V15.Lib\Tyuiu.GurinchukAV.Sprint3.Task0.V15.Lib.csproj", "{CD0B89BE-CA24-4765-B1EE-0C7FDDB78994}"
EndProject
Project("{FAE04EC0-301F-11D3-BF4B-00C04F79EFBC}") = "Tyuiu.GurinchukAV.Sprint3.Task0.V15.Test", "Tyuiu.GurinchukAV.Sprint3.Task0.V15.Test\Tyuiu.GurinchukAV.Sprint3.Task0.V15.Test.csproj", "{5E9CE0B2-0128-4967-9E86-69281CE89755}"
EndProject
Project("{2150E333-8FDC-42A3-9474-1A3956D46DE8}") = "Task1", "Task1", "{BAC7B71F-102B-4319-B06E-39573788D56C}"
EndProject
Project("{FAE04EC0-301F-11D3-BF4B-00C04F79EFBC}") = "Tyuiu.GurinchukAV.Sprint3.Task1.V29", "Tyuiu.GurinchukAV.Sprint3.Task1.V29\Tyuiu.GurinchukAV.Sprint3.Task1.V29.csproj", "{B92A4155-06FA-4E58-BF2A-13AFAE1B85DB}"
EndProject
Project("{FAE04EC0-301F-11D3-BF4B-00C04F79EFBC}") = "Tyuiu.GurinchukAV.Sprint3.Task1.V29.Lib", "Tyuiu.GurinchukAV.Sprint3.Task1.V29.Lib\Tyuiu.GurinchukAV.Sprint3.Task1.V29.Lib.csproj", "{000CC746-6E38-4D55-A54F-D27A257C089A}"
EndProject
Project("{FAE04EC0-301F-11D3-BF4B-00C04F79EFBC}") = "Tyuiu.GurinchukAV.Sprint3.Task1.V29.Test", "Tyuiu.GurinchukAV.Sprint3.Task1.V29.Test\Tyuiu.GurinchukAV.Sprint3.Task1.V29.Test.csproj", "{2CEB3C3B-BE73-4495-80CE-55AE21629481}"
EndProject
Project("{2150E333-8FDC-42A3-9474-1A3956D46DE8}") = "Task2", "Task2", "{E9091363-8CE1-47E3-BD0B-E6D7DCC3C93B}"
EndProject
Project("{FAE04EC0-301F-11D3-BF4B-00C04F79EFBC}") = "Tyuiu.GurinchukAV.Sprint3.Task2.V11", "Tyuiu.GurinchukAV.Sprint3.Task2.V11\Tyuiu.GurinchukAV.Sprint3.Task2.V11.csproj", "{EEE9EB91-2B7E-4680-9A26-C98086077176}"
EndProject
Project("{FAE04EC0-301F-11D3-BF4B-00C04F79EFBC}") = "Tyuiu.GurinchukAV.Sprint3.Task2.V11.Lib", "Tyuiu.GurinchukAV.Sprint3.Task2.V11.Lib\Tyuiu.GurinchukAV.Sprint3.Task2.V11.Lib.csproj", "{24BECF93-5ECC-4865-A1C6-74DE25C24FDB}"
EndProject
Project("{FAE04EC0-301F-11D3-BF4B-00C04F79EFBC}") = "Tyuiu.GurinchukAV.Sprint3.Task2.V11.Test", "Tyuiu.GurinchukAV.Sprint3.Task2.V11.Test\Tyuiu.GurinchukAV.Sprint3.Task2.V11.Test.csproj", "{0A4435B7-18E8-448C-9A44-7C50E425C30B}"
EndProject
Global
	GlobalSection(SolutionConfigurationPlatforms) = preSolution
		Debug|Any CPU = Debug|Any CPU
		Release|Any CPU = Release|Any CPU
	EndGlobalSection
	GlobalSection(ProjectConfigurationPlatforms) = postSolution
		{8460DDA0-A35C-4D8E-8A70-F628B7851021}.Debug|Any CPU.ActiveCfg = Debug|Any CPU
		{8460DDA0-A35C-4D8E-8A70-F628B7851021}.Debug|Any CPU.Build.0 = Debug|Any CPU
		{8460DDA0-A35C-4D8E-8A70-F628B7851021}.Release|Any CPU.ActiveCfg = Release|Any CPU
		{8460DDA0-A35C-4D8E-8A70-F628B7851021}.Release|Any CPU.Build.0 = Release|Any CPU
		{CD0B89BE-CA24-4765-B1EE-0C7FDDB78994}.Debug|Any CPU.ActiveCfg = Debug|Any CPU
		{CD0B89BE-CA24-4765-B1EE-0C7FDDB78994}.Debug|Any CPU.Build.0 = Debug|Any CPU
		{CD0B89BE-CA24-4765-B1EE-0C7FDDB78994}.Release|Any CPU.ActiveCfg = Release|Any CPU
		{CD0B89BE-CA24-4765-B1EE-0C7FDDB78994}.Release|Any CPU.Build.0 = Release|Any CPU
		{5E9CE0B2-0128-4967-9E86-69281CE89755}.Debug|Any CPU.ActiveCfg = Debug|Any CPU
		{5E9CE0B2-0128-4967-9E86-69281CE89755}.Debug|Any CPU.Build.0 = Debug|Any CPU
		{5E9CE0B2-0128-4967-9E86-69281CE89755}.Release|Any CPU.ActiveCfg = Release|Any CPU
		{5E9CE0B2-0128-4967-9E86-69281CE89755}.Release|Any CPU.Build.0 = Release|Any CPU
		{B92A4155-06FA-4E58-BF2A-13AFAE1B85DB}.Debug|Any CPU.ActiveCfg = Debug|Any CPU
		{B92A4155-06FA-4E58-BF2A-13AFAE1B85DB}.Debug|Any CPU.Build.0 = Debug|Any CPU
		{B92A4155-06FA-4E58-BF2A-13AFAE1B85DB}.Release|Any CPU.ActiveCfg = Release|Any CPU
		{B92A4155-06FA-4E58-BF2A-13AFAE1B85DB}.Release|Any CPU.Build.0 = Release|Any CPU
		{000CC746-6E38-4D55-A54F-D27A257C089A}.Debug|Any CPU.ActiveCfg = Debug|Any CPU
		{000CC746-6E38-4D55-A54F-D27A257C089A}.Debug|Any CPU.Build.0 = Debug|Any CPU
		{000CC746-6E38-4D55-A54F-D27A257C089A}.Release|Any CPU.ActiveCfg = Release|Any CPU
		{000CC746-6E38-4D55-A54F-D27A257C089A}.Release|Any CPU.Build.0 = Release|Any CPU
		{2CEB3C3B-BE73-4495-80CE-55AE21629481}.Debug|Any CPU.ActiveCfg = Debug|Any CPU
		{2CEB3C3B-BE73-4495-80CE-55AE21629481}.Debug|Any CPU.Build.0 = Debug|Any CPU
		{2CEB3C3B-BE73-4495-80CE-55AE21629481}.Release|Any CPU.ActiveCfg = Release|Any CPU
		{2CEB3C3B-BE73-4495-80CE-55AE21629481}.Release|Any CPU.Build.0 = Release|Any CPU
		{EEE9EB91-2B7E-4680-9A26-C98086077176}.Debug|Any CPU.ActiveCfg = Debug|Any CPU
		{EEE9EB91-2B7E-4680-9A26-C98086077176}.Debug|Any CPU.Build.0 = Debug|Any CPU
		{EEE9EB91-2B7E-4680-9A26-C98086077176}.Release|Any CPU.ActiveCfg = Release|Any CPU
		{EEE9EB91-2B7E-4680-9A26-C98086077176}.Release|Any CPU.Build.0 = Release|Any CPU
		{24BECF93-5ECC-4865-A1C6-74DE25C24FDB}.Debug|Any CPU.ActiveCfg = Debug|Any CPU
		{24BECF93-5ECC-4865-A1C6-74DE25C24FDB}.Debug|Any CPU.Build.0 = Debug|Any CPU
		{24BECF93-5ECC-4865-A1C6-74DE25C24FDB}.Release|Any CPU.ActiveCfg = Release|Any CPU
		{24BECF93-5ECC-4865-A1C6-74DE25C24FDB}.Release|Any CPU.Build.0 = Release|Any CPU
		{0A4435B7-18E8-448C-9A44-7C50E425C30B}.Debug|Any CPU.ActiveCfg = Debug|Any CPU
		{0A4435B7-18E8-448C-9A44-7C50E425C30B}.Debug|Any CPU.Build.0 = Debug|Any CPU
		{0A4435B7-18E8-448C-9A44-7C50E425C30B}.Release|Any CPU.ActiveCfg = Release|Any CPU
		{0A4435B7-18E8-448C-9A44-7C50E425C30B}.Release|Any CPU.Build.0 = Release|Any CPU
	EndGlobalSection
	GlobalSection(SolutionProperties) = preSolution
		HideSolutionNode = FALSE
	EndGlobalSection
	GlobalSection(NestedProjects) = preSolution
		{8460DDA0-A35C-4D8E-8A70-F628B7851021} = {02EA681E-C7D8-13C7-8484-4AC65E1B71E8}
		{CD0B89BE-CA24-4765-B1EE-0C7FDDB78994} = {02EA681E-C7D8-13C7-8484-4AC65E1B71E8}
		{5E9CE0B2-0128-4967-9E86-69281CE89755} = {02EA681E-C7D8-13C7-8484-4AC65E1B71E8}
		{B92A4155-06FA-4E58-BF2A-13AFAE1B85DB} = {BAC7B71F-102B-4319-B06E-39573788D56C}
		{000CC746-6E38-4D55-A54F-D27A257C089A} = {BAC7B71F-102B-4319-B06E-39573788D56C}
		{2CEB3C3B-BE73-4495-80CE-55AE21629481} = {BAC7B71F-102B-4319-B06E-39573788D56C}
		{EEE9EB91-2B7E-4680-9A26-C98086077176} = {E9091363-8CE1-47E3-BD0B-E6D7DCC3C93B}
		{24BECF93-5ECC-4865-A1C6-74DE25C24FDB} = {E9091363-8CE1-47E3-BD0B-E6D7DCC3C93B}
		{0A4435B7-18E8-448C-9A44-7C50E425C30B} = {E9091363-8CE1-47E3-BD0B-E6D7DCC3C93B}
	EndGlobalSection
	GlobalSection(ExtensibilityGlobals) = postSolution
		SolutionGuid = {245DF604-51E1-4189-A70B-39EDBB3E9FFD}
	EndGlobalSection
EndGlobal
